
Microsoft Visual Studio Solution File, Format Version 12.00
# Visual Studio Version 16
VisualStudioVersion = 16.0.29319.158
MinimumVisualStudioVersion = 10.0.40219.1
Project("{E53339B2-1760-4266-BCC7-CA923CBCF16C}") = "docker-compose", "docker-compose.dcproj", "{173243E5-6963-4D49-A8C1-91B3759CC55C}"
EndProject
Project("{FAE04EC0-301F-11D3-BF4B-00C04F79EFBC}") = "DSVA.Service", "DSVA.Service\DSVA.Service.csproj", "{4609B32B-3EB8-42A2-8850-BFC9F895C0AE}"
EndProject
Project("{FAE04EC0-301F-11D3-BF4B-00C04F79EFBC}") = "DSVA.Client", "DSVA.Client\DSVA.Client.csproj", "{EEA91352-5D64-4ADA-A95D-F631B67306C8}"
EndProject
Project("{FAE04EC0-301F-11D3-BF4B-00C04F79EFBC}") = "DSVA.Lib", "DSVA.Lib\DSVA.Lib.csproj", "{37D17E07-072D-49EA-8C26-798A43DDE400}"
EndProject
Global
	GlobalSection(SolutionConfigurationPlatforms) = preSolution
		Debug|Any CPU = Debug|Any CPU
		Release|Any CPU = Release|Any CPU
	EndGlobalSection
	GlobalSection(ProjectConfigurationPlatforms) = postSolution
		{173243E5-6963-4D49-A8C1-91B3759CC55C}.Debug|Any CPU.ActiveCfg = Debug|Any CPU
		{173243E5-6963-4D49-A8C1-91B3759CC55C}.Debug|Any CPU.Build.0 = Debug|Any CPU
		{173243E5-6963-4D49-A8C1-91B3759CC55C}.Release|Any CPU.ActiveCfg = Release|Any CPU
		{173243E5-6963-4D49-A8C1-91B3759CC55C}.Release|Any CPU.Build.0 = Release|Any CPU
		{4609B32B-3EB8-42A2-8850-BFC9F895C0AE}.Debug|Any CPU.ActiveCfg = Debug|Any CPU
		{4609B32B-3EB8-42A2-8850-BFC9F895C0AE}.Debug|Any CPU.Build.0 = Debug|Any CPU
		{4609B32B-3EB8-42A2-8850-BFC9F895C0AE}.Release|Any CPU.ActiveCfg = Release|Any CPU
		{4609B32B-3EB8-42A2-8850-BFC9F895C0AE}.Release|Any CPU.Build.0 = Release|Any CPU
		{EEA91352-5D64-4ADA-A95D-F631B67306C8}.Debug|Any CPU.ActiveCfg = Debug|Any CPU
		{EEA91352-5D64-4ADA-A95D-F631B67306C8}.Debug|Any CPU.Build.0 = Debug|Any CPU
		{EEA91352-5D64-4ADA-A95D-F631B67306C8}.Release|Any CPU.ActiveCfg = Release|Any CPU
		{EEA91352-5D64-4ADA-A95D-F631B67306C8}.Release|Any CPU.Build.0 = Release|Any CPU
		{37D17E07-072D-49EA-8C26-798A43DDE400}.Debug|Any CPU.ActiveCfg = Debug|Any CPU
		{37D17E07-072D-49EA-8C26-798A43DDE400}.Debug|Any CPU.Build.0 = Debug|Any CPU
		{37D17E07-072D-49EA-8C26-798A43DDE400}.Release|Any CPU.ActiveCfg = Release|Any CPU
		{37D17E07-072D-49EA-8C26-798A43DDE400}.Release|Any CPU.Build.0 = Release|Any CPU
	EndGlobalSection
	GlobalSection(SolutionProperties) = preSolution
		HideSolutionNode = FALSE
	EndGlobalSection
	GlobalSection(ExtensibilityGlobals) = postSolution
		SolutionGuid = {945FD8B7-CFB2-4A83-AD9C-05A67C0602D6}
	EndGlobalSection
EndGlobal
